# THIS IS AN AUTOGENERATED FILE. DO NOT EDIT THIS FILE DIRECTLY.
# yarn lockfile v1


"d3-array@1", "d3-array@1.0.1":
  "integrity" "sha512-VPS5OH5Xb43tkFkxHEc4r5yWhlDwST47zh1q+qvgTj7xB9xDXn+UEcofhvNC7s8gD55y9Q/MCSPSBUVvnzo3Dw=="
  "resolved" "https://registry.npmjs.org/d3-array/-/d3-array-1.0.1.tgz"
  "version" "1.0.1"

"d3-axis@1.0.3":
  "integrity" "sha512-ssSKWVgy3PUBsTitxvgCmaQJHKYN4Iww2lmMiGskRdxfoNKhdU3LDPkSB1Wt2PlRieBY1CAtPS0oT3LtWdABOw=="
  "resolved" "https://registry.npmjs.org/d3-axis/-/d3-axis-1.0.3.tgz"
  "version" "1.0.3"

"d3-brush@1.0.2":
  "integrity" "sha512-+PVv7qAd0X/FPcQ2MVFj7uXMt62ymnwvDnOxFOjsHRB/ybcn0ayRyvSOSi+u3IxVlLvhD4jB39QwP6Yv19vcCQ=="
  "resolved" "https://registry.npmjs.org/d3-brush/-/d3-brush-1.0.2.tgz"
  "version" "1.0.2"
  dependencies:
    "d3-dispatch" "1"
    "d3-drag" "1"
    "d3-interpolate" "1"
    "d3-selection" "1"
    "d3-transition" "1"

"d3-chord@1.0.2":
  "integrity" "sha512-XyGDYtf4gooHSk9+Hf46V66uX1Z7DeJhcvibN4wOkfN4qgt3mEgOLD8IsRDf6h7KpDBdsypT3/jJtV3ZGP9qIg=="
  "resolved" "https://registry.npmjs.org/d3-chord/-/d3-chord-1.0.2.tgz"
  "version" "1.0.2"
  dependencies:
    "d3-array" "1"
    "d3-path" "1"

"d3-collection@1", "d3-collection@1.0.1":
  "integrity" "sha512-972LMBhCpNYrmDnarBJDFltizsSMTYPNB1pFIuIPN8RSJz8xHuZa0RB8mhZpjYtOlnWFFBnYQog5bBl4ziolpg=="
  "resolved" "https://registry.npmjs.org/d3-collection/-/d3-collection-1.0.1.tgz"
  "version" "1.0.1"

"d3-color@1", "d3-color@1.0.1":
  "integrity" "sha512-HtofmWZaI2kHwzF4cQnQ6RZ509jg3R2U4iit2/7nuMxMWvpNRlcg3LHLPA4XQGzR0i/JkoKTifJuGRRhkcbRHg=="
  "resolved" "https://registry.npmjs.org/d3-color/-/d3-color-1.0.1.tgz"
  "version" "1.0.1"

"d3-dispatch@1", "d3-dispatch@1.0.1":
  "integrity" "sha512-BRTp95mobTSKx8EtpOLbxXuYVtNNr0PmelkH9Uzg5cgcO5O1M0i3+2C0FeM2I95BwQoIlsuZXQTPIoIt5xOtmw=="
  "resolved" "https://registry.npmjs.org/d3-dispatch/-/d3-dispatch-1.0.1.tgz"
  "version" "1.0.1"

"d3-drag@1", "d3-drag@1.0.1":
  "integrity" "sha512-uWFg2X3PD0uOttYzJTdT/BVKMgCED4Y4swz5a2Nc89m4BQ7s0DK17zRe7LciZ0PpAi2Zjy40oFIMBnfXkI0h6g=="
  "resolved" "https://registry.npmjs.org/d3-drag/-/d3-drag-1.0.1.tgz"
  "version" "1.0.1"
  dependencies:
    "d3-dispatch" "1"
    "d3-selection" "1"

"d3-dsv@1", "d3-dsv@1.0.1":
  "integrity" "sha512-VjRi8bmInbdZsnNr5inlWEEd7GutNcQUb+gXgr4LUyt+8lZjAxU2PBPMNMBBLHCPwosiFcmdwBfnWFpN4/khsQ=="
  "resolved" "https://registry.npmjs.org/d3-dsv/-/d3-dsv-1.0.1.tgz"
  "version" "1.0.1"
  dependencies:
    "rw" "1"

"d3-ease@1", "d3-ease@1.0.1":
  "integrity" "sha512-ORtme6srMxINZj98uIW6EKBub/9JCgWJPC3rM464rvabKGNbYIA6AIAgir1Czo5zHUOo+/9DJvGUaPQO4/Ld2A=="
  "resolved" "https://registry.npmjs.org/d3-ease/-/d3-ease-1.0.1.tgz"
  "version" "1.0.1"

"d3-force@1.0.2":
  "integrity" "sha512-fvAAPGOAvtZhdrGjHXX1LjCwhaifJCv8SHKvosfTDKuRmHOzMO9k+0UtB1rJfZv7shdQD0IjMnhkU5CpWT5deQ=="
  "resolved" "https://registry.npmjs.org/d3-force/-/d3-force-1.0.2.tgz"
  "version" "1.0.2"
  dependencies:
    "d3-collection" "1"
    "d3-dispatch" "1"
    "d3-quadtree" "1"
    "d3-timer" "1"

"d3-format@1", "d3-format@1.0.2":
  "integrity" "sha512-VHFdLLjGkeGrRL8T/rlIIDhI3vvVX/oOTM/GaDJfB1sIb4dU5ZgiEjg3EeidJdQ/70u60tM015TSWa1gqqLRhg=="
  "resolved" "https://registry.npmjs.org/d3-format/-/d3-format-1.0.2.tgz"
  "version" "1.0.2"

"d3-geo@1.2.3":
  "integrity" "sha512-NgnTTX8KoIpFdIGhauvgCeXJajcBquj6gP6o1zMu1ZMs62J0r6NalOplzqkXYnZjUNG+NabcTtOOT77Q80K4Jw=="
  "resolved" "https://registry.npmjs.org/d3-geo/-/d3-geo-1.2.3.tgz"
  "version" "1.2.3"
  dependencies:
    "d3-array" "1"

"d3-hierarchy@1.0.2":
  "integrity" "sha512-kFZpTy/gba+CaR+86hyWfHZtB4VXcad+Bkxcsp6nRQWjJCorcvc+vsUBFRJkt+iOCGHe8qn7GN8rM1v0hilH+Q=="
  "resolved" "https://registry.npmjs.org/d3-hierarchy/-/d3-hierarchy-1.0.2.tgz"
  "version" "1.0.2"

"d3-interpolate@1", "d3-interpolate@1.1.1":
  "integrity" "sha512-wCYUl4cTSv4jZKfo+s+Y02Fn0/ykwg+jFx2FEF26m/Dhe+z7cVK96aErNRd3jKbBie1urAh9TIhlM6LJ4iFjCg=="
  "resolved" "https://registry.npmjs.org/d3-interpolate/-/d3-interpolate-1.1.1.tgz"
  "version" "1.1.1"
  dependencies:
    "d3-color" "1"

"d3-path@1", "d3-path@1.0.1":
  "integrity" "sha512-IVMzFUJW3MCJqfATod5ZE+6MGdVSH2aMj75yRm5BNJJ2L8bV4P9ZmhD2n0mLN9W/x99UrUvhUJypsV/bM4yfsA=="
  "resolved" "https://registry.npmjs.org/d3-path/-/d3-path-1.0.1.tgz"
  "version" "1.0.1"

"d3-polygon@1.0.1":
  "integrity" "sha512-Bndhc5jt+OMVMtNo2IiWSjSRNOR3no6+1Fpml9GHXeCOYuO7o/mqL8UVF8midD0OcCf2pwibDHj+0htfzuiM5A=="
  "resolved" "https://registry.npmjs.org/d3-polygon/-/d3-polygon-1.0.1.tgz"
  "version" "1.0.1"

"d3-quadtree@1", "d3-quadtree@1.0.1":
  "integrity" "sha512-87W0Y2y3fxpRTtCLIp8r4hM5es1WDORrCaCkjKJTPgyksz4zqgx1Ymz/+rW21ZrRjxWrXLtF7PHruY9lRazS0w=="
  "resolved" "https://registry.npmjs.org/d3-quadtree/-/d3-quadtree-1.0.1.tgz"
  "version" "1.0.1"

"d3-queue@3.0.2":
  "integrity" "sha512-uTdfWFB8Hn0E0MKQgiifk57vg27+4d+P4EIvF2jN6mzpDB3eT0oAqLf9HydHqjY1uOADInJ5thtOm/VESNyJSQ=="
  "resolved" "https://registry.npmjs.org/d3-queue/-/d3-queue-3.0.2.tgz"
  "version" "3.0.2"

"d3-random@1.0.1":
  "integrity" "sha512-q2q5mBCGhbHNQvDO32ODYNKTIC21GfpU2E23aal0XB9BaJEz4GTVyw2RiJw++8R0Quf6oxbLGDJN5pbWAcIM7w=="
  "resolved" "https://registry.npmjs.org/d3-random/-/d3-random-1.0.1.tgz"
  "version" "1.0.1"

"d3-request@1.0.2":
  "integrity" "sha512-hPuZc8fqP3PS+2YakYBecJ6A5wlmtazb/PtDSum2ASxMWfpR1tAB0+S2i3kHJvCjg2pxXlAghMQEbkGUWdjyBQ=="
  "resolved" "https://registry.npmjs.org/d3-request/-/d3-request-1.0.2.tgz"
  "version" "1.0.2"
  dependencies:
    "d3-collection" "1"
    "d3-dispatch" "1"
    "d3-dsv" "1"
    "xmlhttprequest" "1"

"d3-scale@1.0.3":
  "integrity" "sha512-ah2Xqywu96gau2iET3T0ZTsu0/X0gfoB8vDTuZ1OaG5F0SgGJLXreBVBknSZf2HKnxjenRvFok3qY2FgY4RpFg=="
  "resolved" "https://registry.npmjs.org/d3-scale/-/d3-scale-1.0.3.tgz"
  "version" "1.0.3"
  dependencies:
    "d3-array" "1"
    "d3-collection" "1"
    "d3-color" "1"
    "d3-format" "1"
    "d3-interpolate" "1"
    "d3-time" "1"
    "d3-time-format" "2"

"d3-selection@1", "d3-selection@1.0.2":
  "integrity" "sha512-nInNdsdhljkDqkU/83bdWwtiJ7xsX3l57YZMlqsAOMeQROeCv7osPqQgYnao0NmRZEGc11hNakY+EOkaIdsWpQ=="
  "resolved" "https://registry.npmjs.org/d3-selection/-/d3-selection-1.0.2.tgz"
  "version" "1.0.2"

"d3-shape@1.0.2":
  "integrity" "sha512-hNft7xu4Kd4sPhxHaUGUOsfidzANQzMFPddgQlZizFuRdBRwv2NqRD0/bfpptywPXHPBST7FfOpoNntUULSdbg=="
  "resolved" "https://registry.npmjs.org/d3-shape/-/d3-shape-1.0.2.tgz"
  "version" "1.0.2"
  dependencies:
    "d3-path" "1"

"d3-time-format@2", "d3-time-format@2.0.2":
  "integrity" "sha512-6rbEDcTfCTe44f6H35xp+c2f8+0iUf8bjEItTcD2lFatqyEpuWKKb4eO67IWB2lrfjksP09uMug8ryfVmEgjAA=="
  "resolved" "https://registry.npmjs.org/d3-time-format/-/d3-time-format-2.0.2.tgz"
  "version" "2.0.2"
  dependencies:
    "d3-time" "1"

"d3-time@1", "d3-time@1.0.2":
  "integrity" "sha512-UUVa1vppG6pnPlqespIXdcj/7QONWlVM7fnFNephLtN8t/v/Y7oEKSLsZo9GR65hgXBCoKBUYIQzDcIaRNEoOg=="
  "resolved" "https://registry.npmjs.org/d3-time/-/d3-time-1.0.2.tgz"
  "version" "1.0.2"

"d3-timer@1", "d3-timer@1.0.2":
  "integrity" "sha512-DBZ50J8ALbXNao9oD6ZBWrgxLLVQps8R7VoMFFa7JkVv/4eXzymq62LsHTh3bBGGTbrpYszHqj3VFTvOHulUew=="
  "resolved" "https://registry.npmjs.org/d3-timer/-/d3-timer-1.0.2.tgz"
  "version" "1.0.2"

"d3-transition@1", "d3-transition@1.0.1":
  "integrity" "sha512-/Q3YLm6X8gyXT0cFSY/95YKEGoU7R1m1tdj/DWANkNrtUvnCDrcCAIdV6uJEiXiP1eIomdSFPMMusy7ge7KdwA=="
  "resolved" "https://registry.npmjs.org/d3-transition/-/d3-transition-1.0.1.tgz"
  "version" "1.0.1"
  dependencies:
    "d3-color" "1"
    "d3-dispatch" "1"
    "d3-ease" "1"
    "d3-interpolate" "1"
    "d3-selection" "1"
    "d3-timer" "1"

"d3-voronoi@1.0.2":
  "integrity" "sha512-MASF6Gpgs+rWf5ege34eqWzeyevCpHtr+ZgJ6Je3Z9WSeYCnZtA7TblHbtwbNwiu2poWePmg4B12M/ayFTujag=="
  "resolved" "https://registry.npmjs.org/d3-voronoi/-/d3-voronoi-1.0.2.tgz"
  "version" "1.0.2"

"d3-zoom@1.0.3":
  "integrity" "sha512-LltBg3RBKQADHcniEi3EifSneqY5/luUXcEVgPyUlK+MVpLlHwlAPd3wpk/niPexQdeFtvMi4OFhvmZZ9TqC+w=="
  "resolved" "https://registry.npmjs.org/d3-zoom/-/d3-zoom-1.0.3.tgz"
  "version" "1.0.3"
  dependencies:
    "d3-dispatch" "1"
    "d3-drag" "1"
    "d3-interpolate" "1"
    "d3-selection" "1"
    "d3-transition" "1"

"d3@4.2.2":
  "integrity" "sha512-hSgmcZv9/7IDBODGpT/cDg6xhjlwVTzleg29EY756WTRiSgoag8diUjQlEZn5NUs0Pc38YCgXfxreca0wJJSqQ=="
  "resolved" "https://registry.npmjs.org/d3/-/d3-4.2.2.tgz"
  "version" "4.2.2"
  dependencies:
    "d3-array" "1.0.1"
    "d3-axis" "1.0.3"
    "d3-brush" "1.0.2"
    "d3-chord" "1.0.2"
    "d3-collection" "1.0.1"
    "d3-color" "1.0.1"
    "d3-dispatch" "1.0.1"
    "d3-drag" "1.0.1"
    "d3-dsv" "1.0.1"
    "d3-ease" "1.0.1"
    "d3-force" "1.0.2"
    "d3-format" "1.0.2"
    "d3-geo" "1.2.3"
    "d3-hierarchy" "1.0.2"
    "d3-interpolate" "1.1.1"
    "d3-path" "1.0.1"
    "d3-polygon" "1.0.1"
    "d3-quadtree" "1.0.1"
    "d3-queue" "3.0.2"
    "d3-random" "1.0.1"
    "d3-request" "1.0.2"
    "d3-scale" "1.0.3"
    "d3-selection" "1.0.2"
    "d3-shape" "1.0.2"
    "d3-time" "1.0.2"
    "d3-time-format" "2.0.2"
    "d3-timer" "1.0.2"
    "d3-transition" "1.0.1"
    "d3-voronoi" "1.0.2"
    "d3-zoom" "1.0.3"

"dotenv@^16.0.3":
  "integrity" "sha512-7GO6HghkA5fYG9TYnNxi14/7K9f5occMlp3zXAuSxn7CKCxt9xbNWG7yF8hTCSUchlfWSe3uLmlPfigevRItzQ=="
  "resolved" "https://registry.npmjs.org/dotenv/-/dotenv-16.0.3.tgz"
  "version" "16.0.3"

"esbuild-darwin-64@0.15.13":
  "integrity" "sha512-WAx7c2DaOS6CrRcoYCgXgkXDliLnFv3pQLV6GeW1YcGEZq2Gnl8s9Pg7ahValZkpOa0iE/ojRVQ87sbUhF1Cbg=="
  "resolved" "https://registry.npmjs.org/esbuild-darwin-64/-/esbuild-darwin-64-0.15.13.tgz"
  "version" "0.15.13"

"esbuild@^0.15.9":
  "integrity" "sha512-Cu3SC84oyzzhrK/YyN4iEVy2jZu5t2fz66HEOShHURcjSkOSAVL8C/gfUT+lDJxkVHpg8GZ10DD0rMHRPqMFaQ=="
  "resolved" "https://registry.npmjs.org/esbuild/-/esbuild-0.15.13.tgz"
  "version" "0.15.13"
  optionalDependencies:
    "@esbuild/android-arm" "0.15.13"
    "@esbuild/linux-loong64" "0.15.13"
    "esbuild-android-64" "0.15.13"
    "esbuild-android-arm64" "0.15.13"
    "esbuild-darwin-64" "0.15.13"
    "esbuild-darwin-arm64" "0.15.13"
    "esbuild-freebsd-64" "0.15.13"
    "esbuild-freebsd-arm64" "0.15.13"
    "esbuild-linux-32" "0.15.13"
    "esbuild-linux-64" "0.15.13"
    "esbuild-linux-arm" "0.15.13"
    "esbuild-linux-arm64" "0.15.13"
    "esbuild-linux-mips64le" "0.15.13"
    "esbuild-linux-ppc64le" "0.15.13"
    "esbuild-linux-riscv64" "0.15.13"
    "esbuild-linux-s390x" "0.15.13"
    "esbuild-netbsd-64" "0.15.13"
    "esbuild-openbsd-64" "0.15.13"
    "esbuild-sunos-64" "0.15.13"
    "esbuild-windows-32" "0.15.13"
    "esbuild-windows-64" "0.15.13"
    "esbuild-windows-arm64" "0.15.13"

"fsevents@~2.3.2":
  "integrity" "sha512-xiqMQR4xAeHTuB9uWm+fFRcIOgKBMiOBP+eXiyT7jsgVCq1bkVygt00oASowB7EdtpOHaaPgKt812P9ab+DDKA=="
  "resolved" "https://registry.npmjs.org/fsevents/-/fsevents-2.3.2.tgz"
  "version" "2.3.2"

"function-bind@^1.1.1":
  "integrity" "sha512-yIovAzMX49sF8Yl58fSCWJ5svSLuaibPxXQJFLmBObTuCr0Mf1KiPopGM9NiFjiYBCbfaa2Fh6breQ6ANVTI0A=="
  "resolved" "https://registry.npmjs.org/function-bind/-/function-bind-1.1.1.tgz"
  "version" "1.1.1"

"has@^1.0.3":
  "integrity" "sha512-f2dvO0VU6Oej7RkWJGrehjbzMAjFp5/VKPp5tTpWIV4JHHZK1/BxbFRtf/siA2SWTe09caDmVtYYzWEIbBS4zw=="
  "resolved" "https://registry.npmjs.org/has/-/has-1.0.3.tgz"
  "version" "1.0.3"
  dependencies:
    "function-bind" "^1.1.1"

"is-core-module@^2.9.0":
  "integrity" "sha512-RRjxlvLDkD1YJwDbroBHMb+cukurkDWNyHx7D3oNB5x9rb5ogcksMC5wHCadcXoo67gVr/+3GFySh3134zi6rw=="
  "resolved" "https://registry.npmjs.org/is-core-module/-/is-core-module-2.11.0.tgz"
  "version" "2.11.0"
  dependencies:
    "has" "^1.0.3"

"nanoid@^3.3.4":
  "integrity" "sha512-MqBkQh/OHTS2egovRtLk45wEyNXwF+cokD+1YPf9u5VfJiRdAiRwB2froX5Co9Rh20xs4siNPm8naNotSD6RBw=="
  "resolved" "https://registry.npmjs.org/nanoid/-/nanoid-3.3.4.tgz"
  "version" "3.3.4"

"path-parse@^1.0.7":
  "integrity" "sha512-LDJzPVEEEPR+y48z93A0Ed0yXb8pAByGWo/k5YYdYgpY2/2EsOsksJrq7lOHxryrVOn1ejG6oAp8ahvOIQD8sw=="
  "resolved" "https://registry.npmjs.org/path-parse/-/path-parse-1.0.7.tgz"
  "version" "1.0.7"

"picocolors@^1.0.0":
  "integrity" "sha512-1fygroTLlHu66zi26VoTDv8yRgm0Fccecssto+MhsZ0D/DGW2sm8E8AjW7NU5VVTRt5GxbeZ5qBuJr+HyLYkjQ=="
  "resolved" "https://registry.npmjs.org/picocolors/-/picocolors-1.0.0.tgz"
  "version" "1.0.0"

"postcss@^8.4.18":
  "integrity" "sha512-Wi8mWhncLJm11GATDaQKobXSNEYGUHeQLiQqDFG1qQ5UTDPTEvKw0Xt5NsTpktGTwLps3ByrWsBrG0rB8YQ9oA=="
  "resolved" "https://registry.npmjs.org/postcss/-/postcss-8.4.18.tgz"
  "version" "8.4.18"
  dependencies:
    "nanoid" "^3.3.4"
    "picocolors" "^1.0.0"
    "source-map-js" "^1.0.2"

"resolve@^1.22.1":
  "integrity" "sha512-nBpuuYuY5jFsli/JIs1oldw6fOQCBioohqWZg/2hiaOybXOft4lonv85uDOKXdf8rhyK159cxU5cDcK/NKk8zw=="
  "resolved" "https://registry.npmjs.org/resolve/-/resolve-1.22.1.tgz"
  "version" "1.22.1"
  dependencies:
    "is-core-module" "^2.9.0"
    "path-parse" "^1.0.7"
    "supports-preserve-symlinks-flag" "^1.0.0"

"rollup@^2.79.1":
  "integrity" "sha512-uKxbd0IhMZOhjAiD5oAFp7BqvkA4Dv47qpOCtaNvng4HBwdbWtdOh8f5nZNuk2rp51PMGk3bzfWu5oayNEuYnw=="
  "resolved" "https://registry.npmjs.org/rollup/-/rollup-2.79.1.tgz"
  "version" "2.79.1"
  optionalDependencies:
    "fsevents" "~2.3.2"

"rw@1":
  "integrity" "sha512-PdhdWy89SiZogBLaw42zdeqtRJ//zFd2PgQavcICDUgJT5oW10QCRKbJ6bg4r0/UY2M6BWd5tkxuGFRvCkgfHQ=="
  "resolved" "https://registry.npmjs.org/rw/-/rw-1.3.3.tgz"
  "version" "1.3.3"

"source-map-js@^1.0.2":
  "integrity" "sha512-R0XvVJ9WusLiqTCEiGCmICCMplcCkIwwR11mOSD9CR5u+IXYdiseeEuXCVAjS54zqwkLcPNnmU4OeJ6tUrWhDw=="
  "resolved" "https://registry.npmjs.org/source-map-js/-/source-map-js-1.0.2.tgz"
  "version" "1.0.2"

"supports-preserve-symlinks-flag@^1.0.0":
  "integrity" "sha512-ot0WnXS9fgdkgIcePe6RHNk1WA8+muPa6cSjeR3V8K27q9BB1rTE3R1p7Hv0z1ZyAc8s6Vvv8DIyWf681MAt0w=="
  "resolved" "https://registry.npmjs.org/supports-preserve-symlinks-flag/-/supports-preserve-symlinks-flag-1.0.0.tgz"
  "version" "1.0.0"

"vite@^3.2.0":
  "integrity" "sha512-pLrhatFFOWO9kS19bQ658CnRYzv0WLbsPih6R+iFeEEhDOuYgYCX2rztUViMz/uy/V8cLCJvLFeiOK7RJEzHcw=="
  "resolved" "https://registry.npmjs.org/vite/-/vite-3.2.2.tgz"
  "version" "3.2.2"
  dependencies:
    "esbuild" "^0.15.9"
    "postcss" "^8.4.18"
    "resolve" "^1.22.1"
    "rollup" "^2.79.1"
  optionalDependencies:
    "fsevents" "~2.3.2"

"xmlhttprequest@1":
  "integrity" "sha512-58Im/U0mlVBLM38NdZjHyhuMtCqa61469k2YP/AaPbvCoV9aQGUpbJBj1QRm2ytRiVQBD/fsw7L2bJGDVQswBA=="
  "resolved" "https://registry.npmjs.org/xmlhttprequest/-/xmlhttprequest-1.8.0.tgz"
  "version" "1.8.0"
